
Microsoft Visual Studio Solution File, Format Version 12.00
# Visual Studio Version 17
VisualStudioVersion = 17.8.34511.84
MinimumVisualStudioVersion = 10.0.40219.1
Project("{FAE04EC0-301F-11D3-BF4B-00C04F79EFBC}") = "MCConstructor", "MCConstructor\MCConstructor.csproj", "{278362E4-D550-4A73-B040-BEA4B2A8215A}"
EndProject
Global
	GlobalSection(SolutionConfigurationPlatforms) = preSolution
		Debug|Any CPU = Debug|Any CPU
		Release|Any CPU = Release|Any CPU
	EndGlobalSection
	GlobalSection(ProjectConfigurationPlatforms) = postSolution
		{278362E4-D550-4A73-B040-BEA4B2A8215A}.Debug|Any CPU.ActiveCfg = Debug|Any CPU
		{278362E4-D550-4A73-B040-BEA4B2A8215A}.Debug|Any CPU.Build.0 = Debug|Any CPU
		{278362E4-D550-4A73-B040-BEA4B2A8215A}.Release|Any CPU.ActiveCfg = Release|Any CPU
		{278362E4-D550-4A73-B040-BEA4B2A8215A}.Release|Any CPU.Build.0 = Release|Any CPU
	EndGlobalSection
	GlobalSection(SolutionProperties) = preSolution
		HideSolutionNode = FALSE
	EndGlobalSection
	GlobalSection(ExtensibilityGlobals) = postSolution
		SolutionGuid = {54A1E78F-0234-4113-8658-82191A56D0AB}
	EndGlobalSection
EndGlobal
